
Microsoft Visual Studio Solution File, Format Version 12.00
# Visual Studio 15
VisualStudioVersion = 15.0.28307.539
MinimumVisualStudioVersion = 10.0.40219.1
Project("{FAE04EC0-301F-11D3-BF4B-00C04F79EFBC}") = "CarInsuranceAPI", "CarInsuranceAPI\CarInsuranceAPI.csproj", "{BC87234C-E8CA-41B3-99B5-242776EE7878}"
EndProject
Project("{FAE04EC0-301F-11D3-BF4B-00C04F79EFBC}") = "CarInsuranceStatic", "CarInsuranceStatic\CarInsuranceStatic.csproj", "{EE48454A-5CE7-4126-8413-8770EF1B2C82}"
EndProject
Project("{FAE04EC0-301F-11D3-BF4B-00C04F79EFBC}") = "CarInsuranceBridge", "CarInsuranceBridge\CarInsuranceBridge.csproj", "{A996BECE-603E-4C87-A4FA-FCA81CF63CB7}"
EndProject
Global
	GlobalSection(SolutionConfigurationPlatforms) = preSolution
		Debug|Any CPU = Debug|Any CPU
		Release|Any CPU = Release|Any CPU
	EndGlobalSection
	GlobalSection(ProjectConfigurationPlatforms) = postSolution
		{BC87234C-E8CA-41B3-99B5-242776EE7878}.Debug|Any CPU.ActiveCfg = Debug|Any CPU
		{BC87234C-E8CA-41B3-99B5-242776EE7878}.Debug|Any CPU.Build.0 = Debug|Any CPU
		{BC87234C-E8CA-41B3-99B5-242776EE7878}.Release|Any CPU.ActiveCfg = Release|Any CPU
		{BC87234C-E8CA-41B3-99B5-242776EE7878}.Release|Any CPU.Build.0 = Release|Any CPU
		{EE48454A-5CE7-4126-8413-8770EF1B2C82}.Debug|Any CPU.ActiveCfg = Debug|Any CPU
		{EE48454A-5CE7-4126-8413-8770EF1B2C82}.Debug|Any CPU.Build.0 = Debug|Any CPU
		{EE48454A-5CE7-4126-8413-8770EF1B2C82}.Release|Any CPU.ActiveCfg = Release|Any CPU
		{EE48454A-5CE7-4126-8413-8770EF1B2C82}.Release|Any CPU.Build.0 = Release|Any CPU
		{A996BECE-603E-4C87-A4FA-FCA81CF63CB7}.Debug|Any CPU.ActiveCfg = Debug|Any CPU
		{A996BECE-603E-4C87-A4FA-FCA81CF63CB7}.Debug|Any CPU.Build.0 = Debug|Any CPU
		{A996BECE-603E-4C87-A4FA-FCA81CF63CB7}.Release|Any CPU.ActiveCfg = Release|Any CPU
		{A996BECE-603E-4C87-A4FA-FCA81CF63CB7}.Release|Any CPU.Build.0 = Release|Any CPU
	EndGlobalSection
	GlobalSection(SolutionProperties) = preSolution
		HideSolutionNode = FALSE
	EndGlobalSection
	GlobalSection(ExtensibilityGlobals) = postSolution
		SolutionGuid = {598A7C33-FCE0-4551-AE3B-9024B3EA9AF4}
	EndGlobalSection
EndGlobal
